{
    "_meta": {
        "hash": {
            "sha256": "d248e552f64a642e625296696e9ef461215e57b6af6a5da9b6fc0d6268a60ba4"
        },
        "pipfile-spec": 6,
        "requires": {
            "python_version": "3.7"
        },
        "sources": [
            {
                "name": "pypi",
                "url": "https://pypi.org/simple",
                "verify_ssl": true
            }
        ]
    },
    "default": {
        "environs": {
            "hashes": [
                "sha256:534191fc32cc0c8142be8648a3c6b3f0eab1592e99a26be44e476970c12129f6",
                "sha256:7dc84645d544d72d357fbd29b3e1bb1650931a7949b7353d46a9e823a6dffafc"
            ],
            "index": "pypi",
            "version": "==6.1.0"
        },
        "marshmallow": {
            "hashes": [
                "sha256:1a358beb89c2b4d5555272065a9533591a3eb02f1b854f3c4002d88d8f2a1ddb",
                "sha256:eb97c42c5928b5720812c9268865fe863d4807bc1a8b48ddd7d5c9e1779a6af0"
            ],
            "version": "==3.2.2"
        },
        "python-dotenv": {
            "hashes": [
                "sha256:debd928b49dbc2bf68040566f55cdb3252458036464806f4094487244e2a4093",
                "sha256:f157d71d5fec9d4bd5f51c82746b6344dffa680ee85217c123f4a0c8117c4544"
            ],
            "version": "==0.10.3"
        }
    },
    "develop": {}
}
